
Microsoft Visual Studio Solution File, Format Version 12.00
# Visual Studio 14
VisualStudioVersion = 14.0.24720.0
MinimumVisualStudioVersion = 10.0.40219.1
Project("{2150E333-8FDC-42A3-9474-1A3956D46DE8}") = "DriveMe.Core", "DriveMe.Core", "{73185BFB-77E5-45BB-ACBA-DBD536A228EC}"
EndProject
Project("{2150E333-8FDC-42A3-9474-1A3956D46DE8}") = "DriveMe.GUI", "DriveMe.GUI", "{F3E46E7D-ED8F-4301-B192-AF875A444A10}"
EndProject
Project("{2150E333-8FDC-42A3-9474-1A3956D46DE8}") = "DriveMe.DAL", "DriveMe.DAL", "{B47C8C4B-3857-41B9-B7E4-20E81474D635}"
EndProject
Project("{2150E333-8FDC-42A3-9474-1A3956D46DE8}") = "DriveMe.Tests", "DriveMe.Tests", "{696CA565-EFFC-4341-A908-1A146D9E375B}"
EndProject
Project("{FAE04EC0-301F-11D3-BF4B-00C04F79EFBC}") = "DriveMe.DAL.Identity", "DriveMe.DAL.Identity\DriveMe.DAL.Identity.csproj", "{9F0C7593-2106-438D-A3EC-727D28279352}"
EndProject
Project("{FAE04EC0-301F-11D3-BF4B-00C04F79EFBC}") = "DriveMe.GUI.ViewModels", "DriveMe.GUI.ViewModels\DriveMe.GUI.ViewModels.csproj", "{37541FED-FF51-4E15-90BC-EFF55F5EB08F}"
EndProject
Project("{FAE04EC0-301F-11D3-BF4B-00C04F79EFBC}") = "DriveMe.GUI.Web", "DriveMe.GUI.Web\DriveMe.GUI.Web.csproj", "{CA745F4E-773C-4F0B-830C-3384001F0357}"
EndProject
Project("{2150E333-8FDC-42A3-9474-1A3956D46DE8}") = "Solution Items", "Solution Items", "{6FD69414-DCEC-42CD-8C50-CF08459CAAF2}"
	ProjectSection(SolutionItems) = preProject
		WE-Markdown.css = WE-Markdown.css
	EndProjectSection
EndProject
Project("{FAE04EC0-301F-11D3-BF4B-00C04F79EFBC}") = "Driveme.Core.Services", "Driveme.Core.Services\Driveme.Core.Services.csproj", "{6BFBFDE3-7784-4967-A9FB-E54D8D05DEB1}"
EndProject
Project("{FAE04EC0-301F-11D3-BF4B-00C04F79EFBC}") = "DriveMe.DAL.Service", "Driveme.DAL.Service\DriveMe.DAL.Service.csproj", "{870DD3CC-89FB-4360-B2FD-4DD2F0EB7222}"
EndProject
Project("{FAE04EC0-301F-11D3-BF4B-00C04F79EFBC}") = "DriveMe.API", "DriveMe.API\DriveMe.API.csproj", "{7195BA9C-F838-43F5-BB5E-CCF14DB09CEA}"
EndProject
Project("{2150E333-8FDC-42A3-9474-1A3956D46DE8}") = "DriveMe.BLL", "DriveMe.BLL", "{A7793B34-0E46-4DF0-BC3A-C3243215840B}"
EndProject
Project("{FAE04EC0-301F-11D3-BF4B-00C04F79EFBC}") = "DriveMe.BLL", "DriveMe.BLL\DriveMe.BLL.csproj", "{C4F08B8F-4E07-4822-91C0-A7A9D7D87766}"
EndProject
Global
	GlobalSection(SolutionConfigurationPlatforms) = preSolution
		Debug|Any CPU = Debug|Any CPU
		Release|Any CPU = Release|Any CPU
	EndGlobalSection
	GlobalSection(ProjectConfigurationPlatforms) = postSolution
		{9F0C7593-2106-438D-A3EC-727D28279352}.Debug|Any CPU.ActiveCfg = Debug|Any CPU
		{9F0C7593-2106-438D-A3EC-727D28279352}.Debug|Any CPU.Build.0 = Debug|Any CPU
		{9F0C7593-2106-438D-A3EC-727D28279352}.Release|Any CPU.ActiveCfg = Release|Any CPU
		{9F0C7593-2106-438D-A3EC-727D28279352}.Release|Any CPU.Build.0 = Release|Any CPU
		{37541FED-FF51-4E15-90BC-EFF55F5EB08F}.Debug|Any CPU.ActiveCfg = Debug|Any CPU
		{37541FED-FF51-4E15-90BC-EFF55F5EB08F}.Debug|Any CPU.Build.0 = Debug|Any CPU
		{37541FED-FF51-4E15-90BC-EFF55F5EB08F}.Release|Any CPU.ActiveCfg = Release|Any CPU
		{37541FED-FF51-4E15-90BC-EFF55F5EB08F}.Release|Any CPU.Build.0 = Release|Any CPU
		{CA745F4E-773C-4F0B-830C-3384001F0357}.Debug|Any CPU.ActiveCfg = Debug|Any CPU
		{CA745F4E-773C-4F0B-830C-3384001F0357}.Debug|Any CPU.Build.0 = Debug|Any CPU
		{CA745F4E-773C-4F0B-830C-3384001F0357}.Release|Any CPU.ActiveCfg = Release|Any CPU
		{CA745F4E-773C-4F0B-830C-3384001F0357}.Release|Any CPU.Build.0 = Release|Any CPU
		{6BFBFDE3-7784-4967-A9FB-E54D8D05DEB1}.Debug|Any CPU.ActiveCfg = Debug|Any CPU
		{6BFBFDE3-7784-4967-A9FB-E54D8D05DEB1}.Debug|Any CPU.Build.0 = Debug|Any CPU
		{6BFBFDE3-7784-4967-A9FB-E54D8D05DEB1}.Release|Any CPU.ActiveCfg = Release|Any CPU
		{6BFBFDE3-7784-4967-A9FB-E54D8D05DEB1}.Release|Any CPU.Build.0 = Release|Any CPU
		{870DD3CC-89FB-4360-B2FD-4DD2F0EB7222}.Debug|Any CPU.ActiveCfg = Debug|Any CPU
		{870DD3CC-89FB-4360-B2FD-4DD2F0EB7222}.Debug|Any CPU.Build.0 = Debug|Any CPU
		{870DD3CC-89FB-4360-B2FD-4DD2F0EB7222}.Release|Any CPU.ActiveCfg = Release|Any CPU
		{870DD3CC-89FB-4360-B2FD-4DD2F0EB7222}.Release|Any CPU.Build.0 = Release|Any CPU
		{7195BA9C-F838-43F5-BB5E-CCF14DB09CEA}.Debug|Any CPU.ActiveCfg = Debug|Any CPU
		{7195BA9C-F838-43F5-BB5E-CCF14DB09CEA}.Debug|Any CPU.Build.0 = Debug|Any CPU
		{7195BA9C-F838-43F5-BB5E-CCF14DB09CEA}.Release|Any CPU.ActiveCfg = Release|Any CPU
		{7195BA9C-F838-43F5-BB5E-CCF14DB09CEA}.Release|Any CPU.Build.0 = Release|Any CPU
		{C4F08B8F-4E07-4822-91C0-A7A9D7D87766}.Debug|Any CPU.ActiveCfg = Debug|Any CPU
		{C4F08B8F-4E07-4822-91C0-A7A9D7D87766}.Debug|Any CPU.Build.0 = Debug|Any CPU
		{C4F08B8F-4E07-4822-91C0-A7A9D7D87766}.Release|Any CPU.ActiveCfg = Release|Any CPU
		{C4F08B8F-4E07-4822-91C0-A7A9D7D87766}.Release|Any CPU.Build.0 = Release|Any CPU
	EndGlobalSection
	GlobalSection(SolutionProperties) = preSolution
		HideSolutionNode = FALSE
	EndGlobalSection
	GlobalSection(NestedProjects) = preSolution
		{9F0C7593-2106-438D-A3EC-727D28279352} = {B47C8C4B-3857-41B9-B7E4-20E81474D635}
		{37541FED-FF51-4E15-90BC-EFF55F5EB08F} = {F3E46E7D-ED8F-4301-B192-AF875A444A10}
		{CA745F4E-773C-4F0B-830C-3384001F0357} = {F3E46E7D-ED8F-4301-B192-AF875A444A10}
		{6BFBFDE3-7784-4967-A9FB-E54D8D05DEB1} = {73185BFB-77E5-45BB-ACBA-DBD536A228EC}
		{870DD3CC-89FB-4360-B2FD-4DD2F0EB7222} = {B47C8C4B-3857-41B9-B7E4-20E81474D635}
		{7195BA9C-F838-43F5-BB5E-CCF14DB09CEA} = {F3E46E7D-ED8F-4301-B192-AF875A444A10}
		{C4F08B8F-4E07-4822-91C0-A7A9D7D87766} = {A7793B34-0E46-4DF0-BC3A-C3243215840B}
	EndGlobalSection
EndGlobal
